
Microsoft Visual Studio Solution File, Format Version 12.00
# Visual Studio 15
VisualStudioVersion = 15.0.28307.645
MinimumVisualStudioVersion = 10.0.40219.1
Project("{FAE04EC0-301F-11D3-BF4B-00C04F79EFBC}") = "Elestor.Intake.OpenPay.Api", "Elestor.Intake.OpenPay.Api\Elestor.Intake.OpenPay.Api.csproj", "{A5DE27BB-3B7A-44BC-A7D3-30650DF28B26}"
EndProject
Global
	GlobalSection(SolutionConfigurationPlatforms) = preSolution
		Debug|Any CPU = Debug|Any CPU
		Release|Any CPU = Release|Any CPU
	EndGlobalSection
	GlobalSection(ProjectConfigurationPlatforms) = postSolution
		{A5DE27BB-3B7A-44BC-A7D3-30650DF28B26}.Debug|Any CPU.ActiveCfg = Debug|Any CPU
		{A5DE27BB-3B7A-44BC-A7D3-30650DF28B26}.Debug|Any CPU.Build.0 = Debug|Any CPU
		{A5DE27BB-3B7A-44BC-A7D3-30650DF28B26}.Release|Any CPU.ActiveCfg = Release|Any CPU
		{A5DE27BB-3B7A-44BC-A7D3-30650DF28B26}.Release|Any CPU.Build.0 = Release|Any CPU
	EndGlobalSection
	GlobalSection(SolutionProperties) = preSolution
		HideSolutionNode = FALSE
	EndGlobalSection
	GlobalSection(ExtensibilityGlobals) = postSolution
		SolutionGuid = {58A40111-C94E-45B2-B482-9BDC1249C4AE}
	EndGlobalSection
EndGlobal
